
Microsoft Visual Studio Solution File, Format Version 12.00
# Visual Studio 2012
Project("{FAE04EC0-301F-11D3-BF4B-00C04F79EFBC}") = "FighterGame", "FighterGame\FighterGame.csproj", "{D46EFBB3-71CA-4D88-981B-72067E02D046}"
EndProject
Global
	GlobalSection(SolutionConfigurationPlatforms) = preSolution
		Debug|Any CPU = Debug|Any CPU
		Release|Any CPU = Release|Any CPU
	EndGlobalSection
	GlobalSection(ProjectConfigurationPlatforms) = postSolution
		{D46EFBB3-71CA-4D88-981B-72067E02D046}.Debug|Any CPU.ActiveCfg = Debug|Any CPU
		{D46EFBB3-71CA-4D88-981B-72067E02D046}.Debug|Any CPU.Build.0 = Debug|Any CPU
		{D46EFBB3-71CA-4D88-981B-72067E02D046}.Release|Any CPU.ActiveCfg = Release|Any CPU
		{D46EFBB3-71CA-4D88-981B-72067E02D046}.Release|Any CPU.Build.0 = Release|Any CPU
	EndGlobalSection
	GlobalSection(SolutionProperties) = preSolution
		HideSolutionNode = FALSE
	EndGlobalSection
EndGlobal
